SilverStripe\Admin\LeftAndMain:
  extensions:
    - Sheadawson\Editlock\Extension\EditLockControllerExtension
  extra_requirements_javascript:
    - 'sheadawson/silverstripe-editlock:javascript/editlock.js'
GridFieldDetailForm_ItemRequest:
  extensions:
    - Sheadawson\Editlock\Extension\EditLockControllerExtension
Sheadawson\Editlock\Extension\EditLockControllerExtension:
  lockedClasses:
